
Microsoft Visual Studio Solution File, Format Version 12.00
# Visual Studio 15
VisualStudioVersion = 15.0.27130.2027
MinimumVisualStudioVersion = 10.0.40219.1
Project("{9A19103F-16F7-4668-BE54-9A1E7A4F7556}") = "Cake.Helm", "Cake.Helm\Cake.Helm.csproj", "{B3F9EC8C-192A-4428-B869-A59E33D961E2}"
EndProject
Project("{9A19103F-16F7-4668-BE54-9A1E7A4F7556}") = "Cake.Helm.Tests", "Cake.Helm.Tests\Cake.Helm.Tests.csproj", "{F01D6204-723C-46FB-9298-662BA826EB49}"
EndProject
Global
	GlobalSection(SolutionConfigurationPlatforms) = preSolution
		Debug|Any CPU = Debug|Any CPU
		Release|Any CPU = Release|Any CPU
	EndGlobalSection
	GlobalSection(ProjectConfigurationPlatforms) = postSolution
		{B3F9EC8C-192A-4428-B869-A59E33D961E2}.Debug|Any CPU.ActiveCfg = Debug|Any CPU
		{B3F9EC8C-192A-4428-B869-A59E33D961E2}.Debug|Any CPU.Build.0 = Debug|Any CPU
		{B3F9EC8C-192A-4428-B869-A59E33D961E2}.Release|Any CPU.ActiveCfg = Release|Any CPU
		{B3F9EC8C-192A-4428-B869-A59E33D961E2}.Release|Any CPU.Build.0 = Release|Any CPU
		{F01D6204-723C-46FB-9298-662BA826EB49}.Debug|Any CPU.ActiveCfg = Debug|Any CPU
		{F01D6204-723C-46FB-9298-662BA826EB49}.Debug|Any CPU.Build.0 = Debug|Any CPU
		{F01D6204-723C-46FB-9298-662BA826EB49}.Release|Any CPU.ActiveCfg = Release|Any CPU
		{F01D6204-723C-46FB-9298-662BA826EB49}.Release|Any CPU.Build.0 = Release|Any CPU
	EndGlobalSection
	GlobalSection(SolutionProperties) = preSolution
		HideSolutionNode = FALSE
	EndGlobalSection
	GlobalSection(ExtensibilityGlobals) = postSolution
		SolutionGuid = {7AA42022-338D-4C79-B948-13D5A29F5509}
	EndGlobalSection
EndGlobal
